
Microsoft Visual Studio Solution File, Format Version 12.00
# Visual Studio 2012
Project("{FAE04EC0-301F-11D3-BF4B-00C04F79EFBC}") = "FileSystemServices", "FileSystemServices\FileSystemServices.csproj", "{BF8C6DE3-BFBA-4356-8366-4EBE20CDCB14}"
EndProject
Project("{FAE04EC0-301F-11D3-BF4B-00C04F79EFBC}") = "ServicesImplements", "ServicesImplements\ServicesImplements.csproj", "{6E8FFC4D-D1DA-48DA-A8AF-F0A88F558E41}"
EndProject
Project("{FAE04EC0-301F-11D3-BF4B-00C04F79EFBC}") = "Server", "Server\Server.csproj", "{FFA41479-1C89-4824-9952-36F0DB942890}"
EndProject
Project("{FAE04EC0-301F-11D3-BF4B-00C04F79EFBC}") = "Client", "Client\Client.csproj", "{864119E3-B53F-4079-BD0E-859B6AEA6093}"
EndProject
Project("{FAE04EC0-301F-11D3-BF4B-00C04F79EFBC}") = "Logging", "Logging\Logging.csproj", "{B31466B5-99F0-492D-80E8-6FDABEF84B1B}"
EndProject
Project("{FAE04EC0-301F-11D3-BF4B-00C04F79EFBC}") = "DALLogs", "DALLogs\DALLogs.csproj", "{BF92C9D7-92A3-46BA-B62F-6DCE9C0CCB57}"
EndProject
Global
	GlobalSection(SolutionConfigurationPlatforms) = preSolution
		Debug|Any CPU = Debug|Any CPU
		Release|Any CPU = Release|Any CPU
	EndGlobalSection
	GlobalSection(ProjectConfigurationPlatforms) = postSolution
		{BF8C6DE3-BFBA-4356-8366-4EBE20CDCB14}.Debug|Any CPU.ActiveCfg = Debug|Any CPU
		{BF8C6DE3-BFBA-4356-8366-4EBE20CDCB14}.Debug|Any CPU.Build.0 = Debug|Any CPU
		{BF8C6DE3-BFBA-4356-8366-4EBE20CDCB14}.Release|Any CPU.ActiveCfg = Release|Any CPU
		{BF8C6DE3-BFBA-4356-8366-4EBE20CDCB14}.Release|Any CPU.Build.0 = Release|Any CPU
		{6E8FFC4D-D1DA-48DA-A8AF-F0A88F558E41}.Debug|Any CPU.ActiveCfg = Debug|Any CPU
		{6E8FFC4D-D1DA-48DA-A8AF-F0A88F558E41}.Debug|Any CPU.Build.0 = Debug|Any CPU
		{6E8FFC4D-D1DA-48DA-A8AF-F0A88F558E41}.Release|Any CPU.ActiveCfg = Release|Any CPU
		{6E8FFC4D-D1DA-48DA-A8AF-F0A88F558E41}.Release|Any CPU.Build.0 = Release|Any CPU
		{FFA41479-1C89-4824-9952-36F0DB942890}.Debug|Any CPU.ActiveCfg = Debug|Any CPU
		{FFA41479-1C89-4824-9952-36F0DB942890}.Debug|Any CPU.Build.0 = Debug|Any CPU
		{FFA41479-1C89-4824-9952-36F0DB942890}.Release|Any CPU.ActiveCfg = Release|Any CPU
		{FFA41479-1C89-4824-9952-36F0DB942890}.Release|Any CPU.Build.0 = Release|Any CPU
		{864119E3-B53F-4079-BD0E-859B6AEA6093}.Debug|Any CPU.ActiveCfg = Debug|Any CPU
		{864119E3-B53F-4079-BD0E-859B6AEA6093}.Debug|Any CPU.Build.0 = Debug|Any CPU
		{864119E3-B53F-4079-BD0E-859B6AEA6093}.Release|Any CPU.ActiveCfg = Release|Any CPU
		{864119E3-B53F-4079-BD0E-859B6AEA6093}.Release|Any CPU.Build.0 = Release|Any CPU
		{B31466B5-99F0-492D-80E8-6FDABEF84B1B}.Debug|Any CPU.ActiveCfg = Debug|Any CPU
		{B31466B5-99F0-492D-80E8-6FDABEF84B1B}.Debug|Any CPU.Build.0 = Debug|Any CPU
		{B31466B5-99F0-492D-80E8-6FDABEF84B1B}.Release|Any CPU.ActiveCfg = Release|Any CPU
		{B31466B5-99F0-492D-80E8-6FDABEF84B1B}.Release|Any CPU.Build.0 = Release|Any CPU
		{BF92C9D7-92A3-46BA-B62F-6DCE9C0CCB57}.Debug|Any CPU.ActiveCfg = Debug|Any CPU
		{BF92C9D7-92A3-46BA-B62F-6DCE9C0CCB57}.Debug|Any CPU.Build.0 = Debug|Any CPU
		{BF92C9D7-92A3-46BA-B62F-6DCE9C0CCB57}.Release|Any CPU.ActiveCfg = Release|Any CPU
		{BF92C9D7-92A3-46BA-B62F-6DCE9C0CCB57}.Release|Any CPU.Build.0 = Release|Any CPU
	EndGlobalSection
	GlobalSection(SolutionProperties) = preSolution
		HideSolutionNode = FALSE
	EndGlobalSection
EndGlobal
